<?xml version="1.0" encoding="utf-8"?>
<Project ToolsVersion="4.0" xmlns="http://schemas.microsoft.com/developer/msbuild/2003">
  <ItemGroup>
    <Filter Include="external">
      <UniqueIdentifier>{399db16a-c854-4513-9af2-d2ae90e58283}</UniqueIdentifier>
    </Filter>
    <Filter Include="external\ObjLoader">
      <UniqueIdentifier>{383f6061-2649-4813-85ca-b8822334d30a}</UniqueIdentifier>
    </Filter>
    <Filter Include="external\DirectXMath">
      <UniqueIdentifier>{f604117a-838c-435a-812b-3f84bd29d3d7}</UniqueIdentifier>
    </Filter>
    <Filter Include="external\tinyobjloader">
      <UniqueIdentifier>{0eb6d3c9-c0da-450e-ae8e-765f07681829}</UniqueIdentifier>
    </Filter>
    <Filter Include="Common">
      <UniqueIdentifier>{774cfe52-d72a-48df-b118-fed69d31b906}</UniqueIdentifier>
    </Filter>
    <Filter Include="Editor">
      <UniqueIdentifier>{1ec6659c-c12b-48b5-9888-797ce22116b7}</UniqueIdentifier>
    </Filter>
    <Filter Include="Helpers">
      <UniqueIdentifier>{d91ec876-2b02-42e0-b306-4b27607eb60b}</UniqueIdentifier>
    </Filter>
    <Filter Include="ResourceManager">
      <UniqueIdentifier>{12d3ee0f-e520-4b6f-8853-e6452029644b}</UniqueIdentifier>
    </Filter>
    <Filter Include="external\imgui">
      <UniqueIdentifier>{6a6037b6-b717-4657-8ca2-ce45eb408888}</UniqueIdentifier>
    </Filter>
    <Filter Include="Editor\imgui">
      <UniqueIdentifier>{2a2cb7fa-1712-4b00-8972-f676d2307480}</UniqueIdentifier>
    </Filter>
    <Filter Include="Common\DirectX12">
      <UniqueIdentifier>{db4c0fe2-0078-4406-b902-dd0320841be3}</UniqueIdentifier>
    </Filter>
  </ItemGroup>
  <ItemGroup>
    <ClInclude Include="external\DirectXMath\DirectXCollision.h">
      <Filter>external\DirectXMath</Filter>
    </ClInclude>
    <ClInclude Include="external\DirectXMath\DirectXColors.h">
      <Filter>external\DirectXMath</Filter>
    </ClInclude>
    <ClInclude Include="external\DirectXMath\DirectXMath.h">
      <Filter>external\DirectXMath</Filter>
    </ClInclude>
    <ClInclude Include="external\DirectXMath\DirectXMathAVX.h">
      <Filter>external\DirectXMath</Filter>
    </ClInclude>
    <ClInclude Include="external\DirectXMath\DirectXMathAVX2.h">
      <Filter>external\DirectXMath</Filter>
    </ClInclude>
    <ClInclude Include="external\DirectXMath\DirectXMathBE.h">
      <Filter>external\DirectXMath</Filter>
    </ClInclude>
    <ClInclude Include="external\DirectXMath\DirectXMathF16C.h">
      <Filter>external\DirectXMath</Filter>
    </ClInclude>
    <ClInclude Include="external\DirectXMath\DirectXMathFMA3.h">
      <Filter>external\DirectXMath</Filter>
    </ClInclude>
    <ClInclude Include="external\DirectXMath\DirectXMathFMA4.h">
      <Filter>external\DirectXMath</Filter>
    </ClInclude>
    <ClInclude Include="external\DirectXMath\DirectXMathSSE3.h">
      <Filter>external\DirectXMath</Filter>
    </ClInclude>
    <ClInclude Include="external\DirectXMath\DirectXMathSSE4.h">
      <Filter>external\DirectXMath</Filter>
    </ClInclude>
    <ClInclude Include="external\DirectXMath\DirectXPackedVector.h">
      <Filter>external\DirectXMath</Filter>
    </ClInclude>
    <ClInclude Include="external\DirectXMath\DirectXSH.h">
      <Filter>external\DirectXMath</Filter>
    </ClInclude>
    <ClInclude Include="external\DirectXMath\Stereo3DMatrixHelper.h">
      <Filter>external\DirectXMath</Filter>
    </ClInclude>
    <ClInclude Include="external\DirectXMath\XDSP.h">
      <Filter>external\DirectXMath</Filter>
    </ClInclude>
    <ClInclude Include="external\tinyobjloader\tiny_obj_loader.h">
      <Filter>external\tinyobjloader</Filter>
    </ClInclude>
    <ClInclude Include="external\ObjLoader\ObjLoader.h">
      <Filter>external\ObjLoader</Filter>
    </ClInclude>
    <ClInclude Include="src\Helpers\Helpers.hpp">
      <Filter>Helpers</Filter>
    </ClInclude>
    <ClInclude Include="src\ResourceManager\ResourceManager.hpp">
      <Filter>ResourceManager</Filter>
    </ClInclude>
    <ClInclude Include="src\ResourceManager\ResourceType.hpp">
      <Filter>ResourceManager</Filter>
    </ClInclude>
    <ClInclude Include="external\imgui\imconfig.h">
      <Filter>external\imgui</Filter>
    </ClInclude>
    <ClInclude Include="external\imgui\imgui.h">
      <Filter>external\imgui</Filter>
    </ClInclude>
    <ClInclude Include="external\imgui\imgui_internal.h">
      <Filter>external\imgui</Filter>
    </ClInclude>
    <ClInclude Include="external\imgui\imstb_rectpack.h">
      <Filter>external\imgui</Filter>
    </ClInclude>
    <ClInclude Include="external\imgui\imstb_textedit.h">
      <Filter>external\imgui</Filter>
    </ClInclude>
    <ClInclude Include="external\imgui\imstb_truetype.h">
      <Filter>external\imgui</Filter>
    </ClInclude>
    <ClInclude Include="src\Editor\imgui\imgui_impl_dx12.h">
      <Filter>Editor\imgui</Filter>
    </ClInclude>
    <ClInclude Include="src\Editor\imgui\imgui_impl_win32.h">
      <Filter>Editor\imgui</Filter>
    </ClInclude>
    <ClInclude Include="src\Common\Win32Includes.hpp">
      <Filter>Common</Filter>
    </ClInclude>
    <ClInclude Include="src\Common\EventSubsystem.hpp">
      <Filter>Common</Filter>
    </ClInclude>
    <ClInclude Include="src\Common\Win32System.hpp">
      <Filter>Common</Filter>
    </ClInclude>
    <ClInclude Include="src\Editor\Editor.hpp">
      <Filter>Editor</Filter>
    </ClInclude>
    <ClInclude Include="src\Common\IApplication.hpp">
      <Filter>Common</Filter>
    </ClInclude>
    <ClInclude Include="src\Common\DirectX12\d3dx12.h">
      <Filter>Common\DirectX12</Filter>
    </ClInclude>
    <ClInclude Include="src\Common\DirectX12\DX12Subsystem.hpp">
      <Filter>Common\DirectX12</Filter>
    </ClInclude>
    <ClInclude Include="src\Common\ConfigVars.hpp">
      <Filter>Common</Filter>
    </ClInclude>
    <ClInclude Include="src\Common\DirectX12\SwapChain.hpp">
      <Filter>Common\DirectX12</Filter>
    </ClInclude>
    <ClInclude Include="src\Common\DirectX12\RenderTarget.hpp">
      <Filter>Common\DirectX12</Filter>
    </ClInclude>
  </ItemGroup>
  <ItemGroup>
    <None Include="external\DirectXMath\DirectXCollision.inl">
      <Filter>external\DirectXMath</Filter>
    </None>
    <None Include="external\DirectXMath\DirectXMathConvert.inl">
      <Filter>external\DirectXMath</Filter>
    </None>
    <None Include="external\DirectXMath\DirectXMathMatrix.inl">
      <Filter>external\DirectXMath</Filter>
    </None>
    <None Include="external\DirectXMath\DirectXMathMisc.inl">
      <Filter>external\DirectXMath</Filter>
    </None>
    <None Include="external\DirectXMath\DirectXMathVector.inl">
      <Filter>external\DirectXMath</Filter>
    </None>
    <None Include="external\DirectXMath\DirectXPackedVector.inl">
      <Filter>external\DirectXMath</Filter>
    </None>
  </ItemGroup>
  <ItemGroup>
    <ClCompile Include="external\DirectXMath\DirectXSH.cpp">
      <Filter>external\DirectXMath</Filter>
    </ClCompile>
    <ClCompile Include="external\DirectXMath\DirectXSHD3D11.cpp">
      <Filter>external\DirectXMath</Filter>
    </ClCompile>
    <ClCompile Include="external\DirectXMath\DirectXSHD3D12.cpp">
      <Filter>external\DirectXMath</Filter>
    </ClCompile>
    <ClCompile Include="external\DirectXMath\Stereo3DMatrixHelper.cpp">
      <Filter>external\DirectXMath</Filter>
    </ClCompile>
    <ClCompile Include="src\Editor\Main.cpp">
      <Filter>Editor</Filter>
    </ClCompile>
    <ClCompile Include="src\ResourceManager\ResourceManager.cpp">
      <Filter>ResourceManager</Filter>
    </ClCompile>
    <ClCompile Include="external\imgui\imgui.cpp">
      <Filter>external\imgui</Filter>
    </ClCompile>
    <ClCompile Include="external\imgui\imgui_demo.cpp">
      <Filter>external\imgui</Filter>
    </ClCompile>
    <ClCompile Include="external\imgui\imgui_draw.cpp">
      <Filter>external\imgui</Filter>
    </ClCompile>
    <ClCompile Include="external\imgui\imgui_tables.cpp">
      <Filter>external\imgui</Filter>
    </ClCompile>
    <ClCompile Include="external\imgui\imgui_widgets.cpp">
      <Filter>external\imgui</Filter>
    </ClCompile>
    <ClCompile Include="src\Editor\imgui\imgui_impl_dx12.cpp">
      <Filter>Editor\imgui</Filter>
    </ClCompile>
    <ClCompile Include="src\Editor\imgui\imgui_impl_win32.cpp">
      <Filter>Editor\imgui</Filter>
    </ClCompile>
    <ClCompile Include="src\Common\EventSubsystem.cpp">
      <Filter>Common</Filter>
    </ClCompile>
    <ClCompile Include="src\Common\Win32System.cpp">
      <Filter>Common</Filter>
    </ClCompile>
    <ClCompile Include="src\Editor\Editor.cpp">
      <Filter>Editor</Filter>
    </ClCompile>
    <ClCompile Include="src\Common\DirectX12\DX12Subsystem.cpp">
      <Filter>Common\DirectX12</Filter>
    </ClCompile>
    <ClCompile Include="src\Common\ConfigVars.cpp">
      <Filter>Common</Filter>
    </ClCompile>
    <ClCompile Include="src\Common\DirectX12\RenderTarget.cpp">
      <Filter>Common\DirectX12</Filter>
    </ClCompile>
    <ClCompile Include="src\Common\DirectX12\SwapChain.cpp">
      <Filter>Common\DirectX12</Filter>
    </ClCompile>
  </ItemGroup>
</Project>