<?xml version="1.0" encoding="utf-8"?>
<Project ToolsVersion="4.0" xmlns="http://schemas.microsoft.com/developer/msbuild/2003">
  <ItemGroup>
    <ClCompile Include="external\DirectXMath\DirectXSH.cpp">
      <Filter>External\DirectXMath</Filter>
    </ClCompile>
    <ClCompile Include="external\DirectXMath\DirectXSHD3D11.cpp">
      <Filter>External\DirectXMath</Filter>
    </ClCompile>
    <ClCompile Include="external\DirectXMath\DirectXSHD3D12.cpp">
      <Filter>External\DirectXMath</Filter>
    </ClCompile>
    <ClCompile Include="external\DirectXMath\Stereo3DMatrixHelper.cpp">
      <Filter>External\DirectXMath</Filter>
    </ClCompile>
    <ClCompile Include="src\Application.cpp" />
    <ClCompile Include="src\Main.cpp" />
    <ClCompile Include="src\ResourceManager\ResourceManager.cpp">
      <Filter>ResourceManager</Filter>
    </ClCompile>
  </ItemGroup>
  <ItemGroup>
    <ClInclude Include="external\DirectXMath\DirectXCollision.h">
      <Filter>External\DirectXMath</Filter>
    </ClInclude>
    <ClInclude Include="external\DirectXMath\DirectXColors.h">
      <Filter>External\DirectXMath</Filter>
    </ClInclude>
    <ClInclude Include="external\DirectXMath\DirectXMath.h">
      <Filter>External\DirectXMath</Filter>
    </ClInclude>
    <ClInclude Include="external\DirectXMath\DirectXMathAVX.h">
      <Filter>External\DirectXMath</Filter>
    </ClInclude>
    <ClInclude Include="external\DirectXMath\DirectXMathAVX2.h">
      <Filter>External\DirectXMath</Filter>
    </ClInclude>
    <ClInclude Include="external\DirectXMath\DirectXMathBE.h">
      <Filter>External\DirectXMath</Filter>
    </ClInclude>
    <ClInclude Include="external\DirectXMath\DirectXMathF16C.h">
      <Filter>External\DirectXMath</Filter>
    </ClInclude>
    <ClInclude Include="external\DirectXMath\DirectXMathFMA3.h">
      <Filter>External\DirectXMath</Filter>
    </ClInclude>
    <ClInclude Include="external\DirectXMath\DirectXMathFMA4.h">
      <Filter>External\DirectXMath</Filter>
    </ClInclude>
    <ClInclude Include="external\DirectXMath\DirectXMathSSE3.h">
      <Filter>External\DirectXMath</Filter>
    </ClInclude>
    <ClInclude Include="external\DirectXMath\DirectXMathSSE4.h">
      <Filter>External\DirectXMath</Filter>
    </ClInclude>
    <ClInclude Include="external\DirectXMath\DirectXPackedVector.h">
      <Filter>External\DirectXMath</Filter>
    </ClInclude>
    <ClInclude Include="external\DirectXMath\DirectXSH.h">
      <Filter>External\DirectXMath</Filter>
    </ClInclude>
    <ClInclude Include="external\DirectXMath\Stereo3DMatrixHelper.h">
      <Filter>External\DirectXMath</Filter>
    </ClInclude>
    <ClInclude Include="external\DirectXMath\XDSP.h">
      <Filter>External\DirectXMath</Filter>
    </ClInclude>
    <ClInclude Include="src\Application.hpp" />
    <ClInclude Include="src\Helpers.hpp" />
    <ClInclude Include="src\WindowsIncludes.hpp" />
    <ClInclude Include="src\ResourceManager\ResourceManager.hpp">
      <Filter>ResourceManager</Filter>
    </ClInclude>
    <ClInclude Include="src\ResourceManager\ResourceType.hpp">
      <Filter>ResourceManager</Filter>
    </ClInclude>
    <ClInclude Include="external\ObjLoader\OBJ_Loader.h">
      <Filter>External\ObjLoader</Filter>
    </ClInclude>
  </ItemGroup>
  <ItemGroup>
    <Filter Include="External">
      <UniqueIdentifier>{82306866-6d34-4c89-81df-a53682abcdb6}</UniqueIdentifier>
    </Filter>
    <Filter Include="External\DirectXMath">
      <UniqueIdentifier>{3f928ccf-7018-44a1-9f1c-032593d56952}</UniqueIdentifier>
    </Filter>
    <Filter Include="External\Imgui">
      <UniqueIdentifier>{5686987b-ca55-4a13-aea5-0e3ba22dcacc}</UniqueIdentifier>
    </Filter>
    <Filter Include="ResourceManager">
      <UniqueIdentifier>{7ef9786b-bbfb-44cc-939a-5974815a1c06}</UniqueIdentifier>
    </Filter>
    <Filter Include="External\ObjLoader">
      <UniqueIdentifier>{dfcfb50f-dbb8-4d4e-ac48-007b12517d84}</UniqueIdentifier>
    </Filter>
  </ItemGroup>
  <ItemGroup>
    <None Include="external\DirectXMath\DirectXCollision.inl">
      <Filter>External\DirectXMath</Filter>
    </None>
    <None Include="external\DirectXMath\DirectXMathConvert.inl">
      <Filter>External\DirectXMath</Filter>
    </None>
    <None Include="external\DirectXMath\DirectXMathMatrix.inl">
      <Filter>External\DirectXMath</Filter>
    </None>
    <None Include="external\DirectXMath\DirectXMathMisc.inl">
      <Filter>External\DirectXMath</Filter>
    </None>
    <None Include="external\DirectXMath\DirectXMathVector.inl">
      <Filter>External\DirectXMath</Filter>
    </None>
    <None Include="external\DirectXMath\DirectXPackedVector.inl">
      <Filter>External\DirectXMath</Filter>
    </None>
  </ItemGroup>
</Project>